
Microsoft Visual Studio Solution File, Format Version 12.00
# Visual Studio Version 17
VisualStudioVersion = 17.1.32210.238
MinimumVisualStudioVersion = 10.0.40219.1
Project("{9A19103F-16F7-4668-BE54-9A1E7A4F7556}") = "ApiGateways", "ApiGateways\ApiGateways\ApiGateways.csproj", "{56D9885F-F5F2-4CC8-B9AD-C4E5D86D13DD}"
EndProject
Project("{2150E333-8FDC-42A3-9474-1A3956D46DE8}") = "ApiGateways", "ApiGateways", "{289566D9-DDBA-467E-8776-C037B4228B59}"
EndProject
Project("{9A19103F-16F7-4668-BE54-9A1E7A4F7556}") = "ApiGateways.Domain", "ApiGateways\ApiGateways.Dommani\ApiGateways.Domain.csproj", "{D8480BB9-EC21-41AE-BAD9-272F732B0778}"
EndProject
Project("{9A19103F-16F7-4668-BE54-9A1E7A4F7556}") = "ApiGateways.Context", "ApiGateways\ApiGateways.Context\ApiGateways.Context.csproj", "{49369495-A8C8-4E43-940A-70E5EFDD4543}"
EndProject
Project("{9A19103F-16F7-4668-BE54-9A1E7A4F7556}") = "ApiGateways.Service", "ApiGateways\ApiGateways.Service\ApiGateways.Service.csproj", "{F6807CD6-C0D8-4243-9EDE-A79DEFFD1178}"
EndProject
Project("{2150E333-8FDC-42A3-9474-1A3956D46DE8}") = "Common", "Common", "{F936BAEA-931D-4DF9-A64D-4B2C3AB89A07}"
EndProject
Project("{2150E333-8FDC-42A3-9474-1A3956D46DE8}") = "PixelService", "PixelService", "{B1AB4381-0607-4AA4-B907-C2E9F6C1D1D2}"
EndProject
Project("{9A19103F-16F7-4668-BE54-9A1E7A4F7556}") = "PixelService", "Pixel\Pixel\PixelService.csproj", "{2F7354ED-BE2C-4685-97A9-C30ACA4881CE}"
EndProject
Project("{9A19103F-16F7-4668-BE54-9A1E7A4F7556}") = "PixelService.Command", "Pixel\Pixel.Command\PixelService.Command.csproj", "{A4EFEB79-3930-43FE-BDEF-BA30B37D5C92}"
EndProject
Project("{9A19103F-16F7-4668-BE54-9A1E7A4F7556}") = "PixelService.Context", "Pixel\Pixel.Context\PixelService.Context.csproj", "{0E4545B4-45EC-4F93-A604-6C7E431826C1}"
EndProject
Project("{9A19103F-16F7-4668-BE54-9A1E7A4F7556}") = "Common", "Common\Common\Common.csproj", "{8DFD0722-2063-4CDB-B64F-FD65BA1253FC}"
EndProject
Project("{2150E333-8FDC-42A3-9474-1A3956D46DE8}") = "ChatService", "ChatService", "{1E9A89F3-B45B-4ABC-B117-2008FD89B3A9}"
EndProject
Project("{9A19103F-16F7-4668-BE54-9A1E7A4F7556}") = "ChatService", "Chat\Chat\ChatService.csproj", "{32EC314A-8EA4-456C-BA5A-3E59A3803C1D}"
EndProject
Project("{9A19103F-16F7-4668-BE54-9A1E7A4F7556}") = "ChatService.Command", "Chat\Chat.Command\ChatService.Command.csproj", "{DA845AC0-3A07-40CA-8491-1213C1E0FDBF}"
EndProject
Project("{9A19103F-16F7-4668-BE54-9A1E7A4F7556}") = "ChatService.Context", "Chat\Chat.Context\Chat.Context\ChatService.Context.csproj", "{87931165-E41F-4B06-A4F3-BA12E98FF1A9}"
EndProject
Project("{2150E333-8FDC-42A3-9474-1A3956D46DE8}") = "ImageParserService", "ImageParserService", "{D973E55C-0AF4-45D5-BC3F-F38027AF98DC}"
EndProject
Project("{9A19103F-16F7-4668-BE54-9A1E7A4F7556}") = "ImageParserService", "ImageParser\ImageParser\ImageParserService.csproj", "{C5BBE46C-6BFC-4533-9D44-C7BBEA213910}"
EndProject
Project("{9A19103F-16F7-4668-BE54-9A1E7A4F7556}") = "ImageParserService.Command", "ImageParser\ImageParser.Command\ImageParser.Command\ImageParserService.Command.csproj", "{B251316F-BFF1-4BC9-A717-A384DF889CBB}"
EndProject
Project("{2150E333-8FDC-42A3-9474-1A3956D46DE8}") = "MailService", "MailService", "{B6B4A19C-66F7-43B8-851E-A5FB5187F911}"
EndProject
Project("{9A19103F-16F7-4668-BE54-9A1E7A4F7556}") = "MailService", "Mail\Mail\MailService.csproj", "{72D37C78-AFD8-4EE8-8C47-AFB01C763120}"
EndProject
Project("{9A19103F-16F7-4668-BE54-9A1E7A4F7556}") = "MailService.Command", "Mail\Mail.Command\MailService.Command.csproj", "{E91ACD3F-DC8A-4E46-AA00-59B79D446F08}"
EndProject
Project("{9A19103F-16F7-4668-BE54-9A1E7A4F7556}") = "MailService.Context", "Mail\Mail.Context\MailService.Context.csproj", "{809942F0-7964-439F-8E9D-53406723064B}"
EndProject
Project("{2150E333-8FDC-42A3-9474-1A3956D46DE8}") = "Contracts", "Contracts", "{251E79F1-2504-4D28-A2C5-231E2BEE2C8A}"
EndProject
Project("{9A19103F-16F7-4668-BE54-9A1E7A4F7556}") = "MailService.Domain", "Mail\Mail.Domain\MailService.Domain.csproj", "{C732E39F-5B29-4D20-AC9C-317D7A44F186}"
EndProject
Project("{9A19103F-16F7-4668-BE54-9A1E7A4F7556}") = "Contracts", "Contracts\Contracts.csproj", "{4C4BA8BE-9511-4879-9DC1-DF869433FF0B}"
EndProject
Project("{2150E333-8FDC-42A3-9474-1A3956D46DE8}") = "UserService", "UserService", "{91177AB7-41E0-4AC0-8BED-5930B626DBA4}"
EndProject
Project("{9A19103F-16F7-4668-BE54-9A1E7A4F7556}") = "UserService", "User\UserService\UserService.csproj", "{86A33954-4542-4B89-B377-E44CB9C6898C}"
EndProject
Project("{9A19103F-16F7-4668-BE54-9A1E7A4F7556}") = "UserService.Context", "User\UserService.Context\UserService.Context.csproj", "{D438E19F-A357-4FFE-8A53-2B23461C3FF0}"
EndProject
Project("{9A19103F-16F7-4668-BE54-9A1E7A4F7556}") = "UserService.BL", "User\UserService.BL\UserService.BL.csproj", "{11645C34-E1E3-46C2-865A-480E6AE86B44}"
EndProject
Project("{9A19103F-16F7-4668-BE54-9A1E7A4F7556}") = "UserService.Domain", "User\UserService.Domain\UserService.Domain.csproj", "{EA3E3217-D62B-49CD-827E-632FCB210710}"
EndProject
Project("{2150E333-8FDC-42A3-9474-1A3956D46DE8}") = "Tests", "Tests", "{4F3D69D5-F699-4471-8ED0-53B21685A69B}"
EndProject
Project("{FAE04EC0-301F-11D3-BF4B-00C04F79EFBC}") = "WorkToData", "Tests\WorkToData\WorkToData.csproj", "{BAEDA914-7B70-40E8-8AD5-74EAB2D0AC28}"
EndProject
Global
	GlobalSection(SolutionConfigurationPlatforms) = preSolution
		Debug|Any CPU = Debug|Any CPU
		Release|Any CPU = Release|Any CPU
	EndGlobalSection
	GlobalSection(ProjectConfigurationPlatforms) = postSolution
		{56D9885F-F5F2-4CC8-B9AD-C4E5D86D13DD}.Debug|Any CPU.ActiveCfg = Debug|Any CPU
		{56D9885F-F5F2-4CC8-B9AD-C4E5D86D13DD}.Debug|Any CPU.Build.0 = Debug|Any CPU
		{56D9885F-F5F2-4CC8-B9AD-C4E5D86D13DD}.Release|Any CPU.ActiveCfg = Release|Any CPU
		{56D9885F-F5F2-4CC8-B9AD-C4E5D86D13DD}.Release|Any CPU.Build.0 = Release|Any CPU
		{D8480BB9-EC21-41AE-BAD9-272F732B0778}.Debug|Any CPU.ActiveCfg = Debug|Any CPU
		{D8480BB9-EC21-41AE-BAD9-272F732B0778}.Debug|Any CPU.Build.0 = Debug|Any CPU
		{D8480BB9-EC21-41AE-BAD9-272F732B0778}.Release|Any CPU.ActiveCfg = Release|Any CPU
		{D8480BB9-EC21-41AE-BAD9-272F732B0778}.Release|Any CPU.Build.0 = Release|Any CPU
		{49369495-A8C8-4E43-940A-70E5EFDD4543}.Debug|Any CPU.ActiveCfg = Debug|Any CPU
		{49369495-A8C8-4E43-940A-70E5EFDD4543}.Debug|Any CPU.Build.0 = Debug|Any CPU
		{49369495-A8C8-4E43-940A-70E5EFDD4543}.Release|Any CPU.ActiveCfg = Release|Any CPU
		{49369495-A8C8-4E43-940A-70E5EFDD4543}.Release|Any CPU.Build.0 = Release|Any CPU
		{F6807CD6-C0D8-4243-9EDE-A79DEFFD1178}.Debug|Any CPU.ActiveCfg = Debug|Any CPU
		{F6807CD6-C0D8-4243-9EDE-A79DEFFD1178}.Debug|Any CPU.Build.0 = Debug|Any CPU
		{F6807CD6-C0D8-4243-9EDE-A79DEFFD1178}.Release|Any CPU.ActiveCfg = Release|Any CPU
		{F6807CD6-C0D8-4243-9EDE-A79DEFFD1178}.Release|Any CPU.Build.0 = Release|Any CPU
		{2F7354ED-BE2C-4685-97A9-C30ACA4881CE}.Debug|Any CPU.ActiveCfg = Debug|Any CPU
		{2F7354ED-BE2C-4685-97A9-C30ACA4881CE}.Debug|Any CPU.Build.0 = Debug|Any CPU
		{2F7354ED-BE2C-4685-97A9-C30ACA4881CE}.Release|Any CPU.ActiveCfg = Release|Any CPU
		{2F7354ED-BE2C-4685-97A9-C30ACA4881CE}.Release|Any CPU.Build.0 = Release|Any CPU
		{A4EFEB79-3930-43FE-BDEF-BA30B37D5C92}.Debug|Any CPU.ActiveCfg = Debug|Any CPU
		{A4EFEB79-3930-43FE-BDEF-BA30B37D5C92}.Debug|Any CPU.Build.0 = Debug|Any CPU
		{A4EFEB79-3930-43FE-BDEF-BA30B37D5C92}.Release|Any CPU.ActiveCfg = Release|Any CPU
		{A4EFEB79-3930-43FE-BDEF-BA30B37D5C92}.Release|Any CPU.Build.0 = Release|Any CPU
		{0E4545B4-45EC-4F93-A604-6C7E431826C1}.Debug|Any CPU.ActiveCfg = Debug|Any CPU
		{0E4545B4-45EC-4F93-A604-6C7E431826C1}.Debug|Any CPU.Build.0 = Debug|Any CPU
		{0E4545B4-45EC-4F93-A604-6C7E431826C1}.Release|Any CPU.ActiveCfg = Release|Any CPU
		{0E4545B4-45EC-4F93-A604-6C7E431826C1}.Release|Any CPU.Build.0 = Release|Any CPU
		{8DFD0722-2063-4CDB-B64F-FD65BA1253FC}.Debug|Any CPU.ActiveCfg = Debug|Any CPU
		{8DFD0722-2063-4CDB-B64F-FD65BA1253FC}.Debug|Any CPU.Build.0 = Debug|Any CPU
		{8DFD0722-2063-4CDB-B64F-FD65BA1253FC}.Release|Any CPU.ActiveCfg = Release|Any CPU
		{8DFD0722-2063-4CDB-B64F-FD65BA1253FC}.Release|Any CPU.Build.0 = Release|Any CPU
		{32EC314A-8EA4-456C-BA5A-3E59A3803C1D}.Debug|Any CPU.ActiveCfg = Debug|Any CPU
		{32EC314A-8EA4-456C-BA5A-3E59A3803C1D}.Debug|Any CPU.Build.0 = Debug|Any CPU
		{32EC314A-8EA4-456C-BA5A-3E59A3803C1D}.Release|Any CPU.ActiveCfg = Release|Any CPU
		{32EC314A-8EA4-456C-BA5A-3E59A3803C1D}.Release|Any CPU.Build.0 = Release|Any CPU
		{DA845AC0-3A07-40CA-8491-1213C1E0FDBF}.Debug|Any CPU.ActiveCfg = Debug|Any CPU
		{DA845AC0-3A07-40CA-8491-1213C1E0FDBF}.Debug|Any CPU.Build.0 = Debug|Any CPU
		{DA845AC0-3A07-40CA-8491-1213C1E0FDBF}.Release|Any CPU.ActiveCfg = Release|Any CPU
		{DA845AC0-3A07-40CA-8491-1213C1E0FDBF}.Release|Any CPU.Build.0 = Release|Any CPU
		{87931165-E41F-4B06-A4F3-BA12E98FF1A9}.Debug|Any CPU.ActiveCfg = Debug|Any CPU
		{87931165-E41F-4B06-A4F3-BA12E98FF1A9}.Debug|Any CPU.Build.0 = Debug|Any CPU
		{87931165-E41F-4B06-A4F3-BA12E98FF1A9}.Release|Any CPU.ActiveCfg = Release|Any CPU
		{87931165-E41F-4B06-A4F3-BA12E98FF1A9}.Release|Any CPU.Build.0 = Release|Any CPU
		{C5BBE46C-6BFC-4533-9D44-C7BBEA213910}.Debug|Any CPU.ActiveCfg = Debug|Any CPU
		{C5BBE46C-6BFC-4533-9D44-C7BBEA213910}.Debug|Any CPU.Build.0 = Debug|Any CPU
		{C5BBE46C-6BFC-4533-9D44-C7BBEA213910}.Release|Any CPU.ActiveCfg = Release|Any CPU
		{C5BBE46C-6BFC-4533-9D44-C7BBEA213910}.Release|Any CPU.Build.0 = Release|Any CPU
		{B251316F-BFF1-4BC9-A717-A384DF889CBB}.Debug|Any CPU.ActiveCfg = Debug|Any CPU
		{B251316F-BFF1-4BC9-A717-A384DF889CBB}.Debug|Any CPU.Build.0 = Debug|Any CPU
		{B251316F-BFF1-4BC9-A717-A384DF889CBB}.Release|Any CPU.ActiveCfg = Release|Any CPU
		{B251316F-BFF1-4BC9-A717-A384DF889CBB}.Release|Any CPU.Build.0 = Release|Any CPU
		{72D37C78-AFD8-4EE8-8C47-AFB01C763120}.Debug|Any CPU.ActiveCfg = Debug|Any CPU
		{72D37C78-AFD8-4EE8-8C47-AFB01C763120}.Debug|Any CPU.Build.0 = Debug|Any CPU
		{72D37C78-AFD8-4EE8-8C47-AFB01C763120}.Release|Any CPU.ActiveCfg = Release|Any CPU
		{72D37C78-AFD8-4EE8-8C47-AFB01C763120}.Release|Any CPU.Build.0 = Release|Any CPU
		{E91ACD3F-DC8A-4E46-AA00-59B79D446F08}.Debug|Any CPU.ActiveCfg = Debug|Any CPU
		{E91ACD3F-DC8A-4E46-AA00-59B79D446F08}.Debug|Any CPU.Build.0 = Debug|Any CPU
		{E91ACD3F-DC8A-4E46-AA00-59B79D446F08}.Release|Any CPU.ActiveCfg = Release|Any CPU
		{E91ACD3F-DC8A-4E46-AA00-59B79D446F08}.Release|Any CPU.Build.0 = Release|Any CPU
		{809942F0-7964-439F-8E9D-53406723064B}.Debug|Any CPU.ActiveCfg = Debug|Any CPU
		{809942F0-7964-439F-8E9D-53406723064B}.Debug|Any CPU.Build.0 = Debug|Any CPU
		{809942F0-7964-439F-8E9D-53406723064B}.Release|Any CPU.ActiveCfg = Release|Any CPU
		{809942F0-7964-439F-8E9D-53406723064B}.Release|Any CPU.Build.0 = Release|Any CPU
		{C732E39F-5B29-4D20-AC9C-317D7A44F186}.Debug|Any CPU.ActiveCfg = Debug|Any CPU
		{C732E39F-5B29-4D20-AC9C-317D7A44F186}.Debug|Any CPU.Build.0 = Debug|Any CPU
		{C732E39F-5B29-4D20-AC9C-317D7A44F186}.Release|Any CPU.ActiveCfg = Release|Any CPU
		{C732E39F-5B29-4D20-AC9C-317D7A44F186}.Release|Any CPU.Build.0 = Release|Any CPU
		{4C4BA8BE-9511-4879-9DC1-DF869433FF0B}.Debug|Any CPU.ActiveCfg = Debug|Any CPU
		{4C4BA8BE-9511-4879-9DC1-DF869433FF0B}.Debug|Any CPU.Build.0 = Debug|Any CPU
		{4C4BA8BE-9511-4879-9DC1-DF869433FF0B}.Release|Any CPU.ActiveCfg = Release|Any CPU
		{4C4BA8BE-9511-4879-9DC1-DF869433FF0B}.Release|Any CPU.Build.0 = Release|Any CPU
		{86A33954-4542-4B89-B377-E44CB9C6898C}.Debug|Any CPU.ActiveCfg = Debug|Any CPU
		{86A33954-4542-4B89-B377-E44CB9C6898C}.Debug|Any CPU.Build.0 = Debug|Any CPU
		{86A33954-4542-4B89-B377-E44CB9C6898C}.Release|Any CPU.ActiveCfg = Release|Any CPU
		{86A33954-4542-4B89-B377-E44CB9C6898C}.Release|Any CPU.Build.0 = Release|Any CPU
		{D438E19F-A357-4FFE-8A53-2B23461C3FF0}.Debug|Any CPU.ActiveCfg = Debug|Any CPU
		{D438E19F-A357-4FFE-8A53-2B23461C3FF0}.Debug|Any CPU.Build.0 = Debug|Any CPU
		{D438E19F-A357-4FFE-8A53-2B23461C3FF0}.Release|Any CPU.ActiveCfg = Release|Any CPU
		{D438E19F-A357-4FFE-8A53-2B23461C3FF0}.Release|Any CPU.Build.0 = Release|Any CPU
		{11645C34-E1E3-46C2-865A-480E6AE86B44}.Debug|Any CPU.ActiveCfg = Debug|Any CPU
		{11645C34-E1E3-46C2-865A-480E6AE86B44}.Debug|Any CPU.Build.0 = Debug|Any CPU
		{11645C34-E1E3-46C2-865A-480E6AE86B44}.Release|Any CPU.ActiveCfg = Release|Any CPU
		{11645C34-E1E3-46C2-865A-480E6AE86B44}.Release|Any CPU.Build.0 = Release|Any CPU
		{EA3E3217-D62B-49CD-827E-632FCB210710}.Debug|Any CPU.ActiveCfg = Debug|Any CPU
		{EA3E3217-D62B-49CD-827E-632FCB210710}.Debug|Any CPU.Build.0 = Debug|Any CPU
		{EA3E3217-D62B-49CD-827E-632FCB210710}.Release|Any CPU.ActiveCfg = Release|Any CPU
		{EA3E3217-D62B-49CD-827E-632FCB210710}.Release|Any CPU.Build.0 = Release|Any CPU
		{BAEDA914-7B70-40E8-8AD5-74EAB2D0AC28}.Debug|Any CPU.ActiveCfg = Debug|Any CPU
		{BAEDA914-7B70-40E8-8AD5-74EAB2D0AC28}.Debug|Any CPU.Build.0 = Debug|Any CPU
		{BAEDA914-7B70-40E8-8AD5-74EAB2D0AC28}.Release|Any CPU.ActiveCfg = Release|Any CPU
		{BAEDA914-7B70-40E8-8AD5-74EAB2D0AC28}.Release|Any CPU.Build.0 = Release|Any CPU
	EndGlobalSection
	GlobalSection(SolutionProperties) = preSolution
		HideSolutionNode = FALSE
	EndGlobalSection
	GlobalSection(NestedProjects) = preSolution
		{56D9885F-F5F2-4CC8-B9AD-C4E5D86D13DD} = {289566D9-DDBA-467E-8776-C037B4228B59}
		{D8480BB9-EC21-41AE-BAD9-272F732B0778} = {289566D9-DDBA-467E-8776-C037B4228B59}
		{49369495-A8C8-4E43-940A-70E5EFDD4543} = {289566D9-DDBA-467E-8776-C037B4228B59}
		{F6807CD6-C0D8-4243-9EDE-A79DEFFD1178} = {289566D9-DDBA-467E-8776-C037B4228B59}
		{2F7354ED-BE2C-4685-97A9-C30ACA4881CE} = {B1AB4381-0607-4AA4-B907-C2E9F6C1D1D2}
		{A4EFEB79-3930-43FE-BDEF-BA30B37D5C92} = {B1AB4381-0607-4AA4-B907-C2E9F6C1D1D2}
		{0E4545B4-45EC-4F93-A604-6C7E431826C1} = {B1AB4381-0607-4AA4-B907-C2E9F6C1D1D2}
		{8DFD0722-2063-4CDB-B64F-FD65BA1253FC} = {F936BAEA-931D-4DF9-A64D-4B2C3AB89A07}
		{32EC314A-8EA4-456C-BA5A-3E59A3803C1D} = {1E9A89F3-B45B-4ABC-B117-2008FD89B3A9}
		{DA845AC0-3A07-40CA-8491-1213C1E0FDBF} = {1E9A89F3-B45B-4ABC-B117-2008FD89B3A9}
		{87931165-E41F-4B06-A4F3-BA12E98FF1A9} = {1E9A89F3-B45B-4ABC-B117-2008FD89B3A9}
		{C5BBE46C-6BFC-4533-9D44-C7BBEA213910} = {D973E55C-0AF4-45D5-BC3F-F38027AF98DC}
		{B251316F-BFF1-4BC9-A717-A384DF889CBB} = {D973E55C-0AF4-45D5-BC3F-F38027AF98DC}
		{72D37C78-AFD8-4EE8-8C47-AFB01C763120} = {B6B4A19C-66F7-43B8-851E-A5FB5187F911}
		{E91ACD3F-DC8A-4E46-AA00-59B79D446F08} = {B6B4A19C-66F7-43B8-851E-A5FB5187F911}
		{809942F0-7964-439F-8E9D-53406723064B} = {B6B4A19C-66F7-43B8-851E-A5FB5187F911}
		{C732E39F-5B29-4D20-AC9C-317D7A44F186} = {B6B4A19C-66F7-43B8-851E-A5FB5187F911}
		{4C4BA8BE-9511-4879-9DC1-DF869433FF0B} = {251E79F1-2504-4D28-A2C5-231E2BEE2C8A}
		{86A33954-4542-4B89-B377-E44CB9C6898C} = {91177AB7-41E0-4AC0-8BED-5930B626DBA4}
		{D438E19F-A357-4FFE-8A53-2B23461C3FF0} = {91177AB7-41E0-4AC0-8BED-5930B626DBA4}
		{11645C34-E1E3-46C2-865A-480E6AE86B44} = {91177AB7-41E0-4AC0-8BED-5930B626DBA4}
		{EA3E3217-D62B-49CD-827E-632FCB210710} = {91177AB7-41E0-4AC0-8BED-5930B626DBA4}
		{BAEDA914-7B70-40E8-8AD5-74EAB2D0AC28} = {4F3D69D5-F699-4471-8ED0-53B21685A69B}
	EndGlobalSection
	GlobalSection(ExtensibilityGlobals) = postSolution
		SolutionGuid = {BC67593A-7330-4550-AB55-C9896BBF5735}
	EndGlobalSection
EndGlobal
