
Microsoft Visual Studio Solution File, Format Version 12.00
# Visual Studio Version 16
VisualStudioVersion = 16.0.31129.286
MinimumVisualStudioVersion = 10.0.40219.1
Project("{9A19103F-16F7-4668-BE54-9A1E7A4F7556}") = "ApiGateways", "ApiGateways\ApiGateways\ApiGateways.csproj", "{56D9885F-F5F2-4CC8-B9AD-C4E5D86D13DD}"
EndProject
Project("{2150E333-8FDC-42A3-9474-1A3956D46DE8}") = "ApiGateways", "ApiGateways", "{289566D9-DDBA-467E-8776-C037B4228B59}"
EndProject
Project("{9A19103F-16F7-4668-BE54-9A1E7A4F7556}") = "ApiGateways.Dommain", "ApiGateways\ApiGateways.Dommani\ApiGateways.Dommain.csproj", "{D8480BB9-EC21-41AE-BAD9-272F732B0778}"
EndProject
Project("{9A19103F-16F7-4668-BE54-9A1E7A4F7556}") = "ApiGateways.Context", "ApiGateways\ApiGateways.Context\ApiGateways.Context.csproj", "{49369495-A8C8-4E43-940A-70E5EFDD4543}"
EndProject
Project("{9A19103F-16F7-4668-BE54-9A1E7A4F7556}") = "Common", "ApiGateways\ApiGateways.Common\Common.csproj", "{A2E02A34-040B-4F9E-BB78-D597ADDCFDEA}"
EndProject
Project("{9A19103F-16F7-4668-BE54-9A1E7A4F7556}") = "ApiGateways.Service", "ApiGateways\ApiGateways.Service\ApiGateways.Service.csproj", "{F6807CD6-C0D8-4243-9EDE-A79DEFFD1178}"
EndProject
Project("{2150E333-8FDC-42A3-9474-1A3956D46DE8}") = "Common", "Common", "{F936BAEA-931D-4DF9-A64D-4B2C3AB89A07}"
EndProject
Project("{2150E333-8FDC-42A3-9474-1A3956D46DE8}") = "Pixel", "Pixel", "{B1AB4381-0607-4AA4-B907-C2E9F6C1D1D2}"
EndProject
Project("{9A19103F-16F7-4668-BE54-9A1E7A4F7556}") = "Pixel", "Pixel\Pixel\Pixel.csproj", "{2F7354ED-BE2C-4685-97A9-C30ACA4881CE}"
EndProject
Project("{9A19103F-16F7-4668-BE54-9A1E7A4F7556}") = "Pixel.Command", "Pixel\Pixel.Command\Pixel.Command.csproj", "{A4EFEB79-3930-43FE-BDEF-BA30B37D5C92}"
EndProject
Project("{9A19103F-16F7-4668-BE54-9A1E7A4F7556}") = "Pixel.Context", "Pixel\Pixel.Context\Pixel.Context.csproj", "{0E4545B4-45EC-4F93-A604-6C7E431826C1}"
EndProject
Project("{9A19103F-16F7-4668-BE54-9A1E7A4F7556}") = "Pixel.Dommain", "Pixel\Pixel.Dommain\Pixel.Dommain.csproj", "{59053B77-172F-4DC8-A612-EA891D88DF10}"
EndProject
Global
	GlobalSection(SolutionConfigurationPlatforms) = preSolution
		Debug|Any CPU = Debug|Any CPU
		Release|Any CPU = Release|Any CPU
	EndGlobalSection
	GlobalSection(ProjectConfigurationPlatforms) = postSolution
		{56D9885F-F5F2-4CC8-B9AD-C4E5D86D13DD}.Debug|Any CPU.ActiveCfg = Debug|Any CPU
		{56D9885F-F5F2-4CC8-B9AD-C4E5D86D13DD}.Debug|Any CPU.Build.0 = Debug|Any CPU
		{56D9885F-F5F2-4CC8-B9AD-C4E5D86D13DD}.Release|Any CPU.ActiveCfg = Release|Any CPU
		{56D9885F-F5F2-4CC8-B9AD-C4E5D86D13DD}.Release|Any CPU.Build.0 = Release|Any CPU
		{D8480BB9-EC21-41AE-BAD9-272F732B0778}.Debug|Any CPU.ActiveCfg = Debug|Any CPU
		{D8480BB9-EC21-41AE-BAD9-272F732B0778}.Debug|Any CPU.Build.0 = Debug|Any CPU
		{D8480BB9-EC21-41AE-BAD9-272F732B0778}.Release|Any CPU.ActiveCfg = Release|Any CPU
		{D8480BB9-EC21-41AE-BAD9-272F732B0778}.Release|Any CPU.Build.0 = Release|Any CPU
		{49369495-A8C8-4E43-940A-70E5EFDD4543}.Debug|Any CPU.ActiveCfg = Debug|Any CPU
		{49369495-A8C8-4E43-940A-70E5EFDD4543}.Debug|Any CPU.Build.0 = Debug|Any CPU
		{49369495-A8C8-4E43-940A-70E5EFDD4543}.Release|Any CPU.ActiveCfg = Release|Any CPU
		{49369495-A8C8-4E43-940A-70E5EFDD4543}.Release|Any CPU.Build.0 = Release|Any CPU
		{A2E02A34-040B-4F9E-BB78-D597ADDCFDEA}.Debug|Any CPU.ActiveCfg = Debug|Any CPU
		{A2E02A34-040B-4F9E-BB78-D597ADDCFDEA}.Debug|Any CPU.Build.0 = Debug|Any CPU
		{A2E02A34-040B-4F9E-BB78-D597ADDCFDEA}.Release|Any CPU.ActiveCfg = Release|Any CPU
		{A2E02A34-040B-4F9E-BB78-D597ADDCFDEA}.Release|Any CPU.Build.0 = Release|Any CPU
		{F6807CD6-C0D8-4243-9EDE-A79DEFFD1178}.Debug|Any CPU.ActiveCfg = Debug|Any CPU
		{F6807CD6-C0D8-4243-9EDE-A79DEFFD1178}.Debug|Any CPU.Build.0 = Debug|Any CPU
		{F6807CD6-C0D8-4243-9EDE-A79DEFFD1178}.Release|Any CPU.ActiveCfg = Release|Any CPU
		{F6807CD6-C0D8-4243-9EDE-A79DEFFD1178}.Release|Any CPU.Build.0 = Release|Any CPU
		{2F7354ED-BE2C-4685-97A9-C30ACA4881CE}.Debug|Any CPU.ActiveCfg = Debug|Any CPU
		{2F7354ED-BE2C-4685-97A9-C30ACA4881CE}.Debug|Any CPU.Build.0 = Debug|Any CPU
		{2F7354ED-BE2C-4685-97A9-C30ACA4881CE}.Release|Any CPU.ActiveCfg = Release|Any CPU
		{2F7354ED-BE2C-4685-97A9-C30ACA4881CE}.Release|Any CPU.Build.0 = Release|Any CPU
		{A4EFEB79-3930-43FE-BDEF-BA30B37D5C92}.Debug|Any CPU.ActiveCfg = Debug|Any CPU
		{A4EFEB79-3930-43FE-BDEF-BA30B37D5C92}.Debug|Any CPU.Build.0 = Debug|Any CPU
		{A4EFEB79-3930-43FE-BDEF-BA30B37D5C92}.Release|Any CPU.ActiveCfg = Release|Any CPU
		{A4EFEB79-3930-43FE-BDEF-BA30B37D5C92}.Release|Any CPU.Build.0 = Release|Any CPU
		{0E4545B4-45EC-4F93-A604-6C7E431826C1}.Debug|Any CPU.ActiveCfg = Debug|Any CPU
		{0E4545B4-45EC-4F93-A604-6C7E431826C1}.Debug|Any CPU.Build.0 = Debug|Any CPU
		{0E4545B4-45EC-4F93-A604-6C7E431826C1}.Release|Any CPU.ActiveCfg = Release|Any CPU
		{0E4545B4-45EC-4F93-A604-6C7E431826C1}.Release|Any CPU.Build.0 = Release|Any CPU
		{59053B77-172F-4DC8-A612-EA891D88DF10}.Debug|Any CPU.ActiveCfg = Debug|Any CPU
		{59053B77-172F-4DC8-A612-EA891D88DF10}.Debug|Any CPU.Build.0 = Debug|Any CPU
		{59053B77-172F-4DC8-A612-EA891D88DF10}.Release|Any CPU.ActiveCfg = Release|Any CPU
		{59053B77-172F-4DC8-A612-EA891D88DF10}.Release|Any CPU.Build.0 = Release|Any CPU
	EndGlobalSection
	GlobalSection(SolutionProperties) = preSolution
		HideSolutionNode = FALSE
	EndGlobalSection
	GlobalSection(NestedProjects) = preSolution
		{56D9885F-F5F2-4CC8-B9AD-C4E5D86D13DD} = {289566D9-DDBA-467E-8776-C037B4228B59}
		{D8480BB9-EC21-41AE-BAD9-272F732B0778} = {289566D9-DDBA-467E-8776-C037B4228B59}
		{49369495-A8C8-4E43-940A-70E5EFDD4543} = {289566D9-DDBA-467E-8776-C037B4228B59}
		{A2E02A34-040B-4F9E-BB78-D597ADDCFDEA} = {F936BAEA-931D-4DF9-A64D-4B2C3AB89A07}
		{F6807CD6-C0D8-4243-9EDE-A79DEFFD1178} = {289566D9-DDBA-467E-8776-C037B4228B59}
		{2F7354ED-BE2C-4685-97A9-C30ACA4881CE} = {B1AB4381-0607-4AA4-B907-C2E9F6C1D1D2}
		{A4EFEB79-3930-43FE-BDEF-BA30B37D5C92} = {B1AB4381-0607-4AA4-B907-C2E9F6C1D1D2}
		{0E4545B4-45EC-4F93-A604-6C7E431826C1} = {B1AB4381-0607-4AA4-B907-C2E9F6C1D1D2}
		{59053B77-172F-4DC8-A612-EA891D88DF10} = {B1AB4381-0607-4AA4-B907-C2E9F6C1D1D2}
	EndGlobalSection
	GlobalSection(ExtensibilityGlobals) = postSolution
		SolutionGuid = {BC67593A-7330-4550-AB55-C9896BBF5735}
	EndGlobalSection
EndGlobal
